
Microsoft Visual Studio Solution File, Format Version 12.00
# Visual Studio Version 16
VisualStudioVersion = 16.0.31313.79
MinimumVisualStudioVersion = 10.0.40219.1
Project("{2150E333-8FDC-42A3-9474-1A3956D46DE8}") = "Application", "Application", "{F9CDA485-4969-42E4-816E-04AD917A7244}"
EndProject
Project("{2150E333-8FDC-42A3-9474-1A3956D46DE8}") = "Domain", "Domain", "{C061886E-2E94-4D63-B7AE-DB52C2FBD6AB}"
EndProject
Project("{2150E333-8FDC-42A3-9474-1A3956D46DE8}") = "Infra.Data", "Infra.Data", "{8D053683-9B0F-456F-A3F4-19505256F736}"
EndProject
Project("{2150E333-8FDC-42A3-9474-1A3956D46DE8}") = "Infra.IoC", "Infra.IoC", "{385772F0-B185-4CBD-92D3-7C0517406761}"
EndProject
Project("{2150E333-8FDC-42A3-9474-1A3956D46DE8}") = "Presentation", "Presentation", "{31366ED8-A1D2-4BA4-B688-C7FA3873EE0A}"
EndProject
Project("{9A19103F-16F7-4668-BE54-9A1E7A4F7556}") = "CleanArch.API", "CleanArch.API\CleanArch.API.csproj", "{49E50BD3-E94B-445D-978C-BACE56F3A0C8}"
EndProject
Project("{FAE04EC0-301F-11D3-BF4B-00C04F79EFBC}") = "CleanArch.Domain", "CleanArch.Domain\CleanArch.Domain.csproj", "{29177722-9309-4090-B47A-C227F7495CCC}"
EndProject
Global
	GlobalSection(SolutionConfigurationPlatforms) = preSolution
		Debug|Any CPU = Debug|Any CPU
		Release|Any CPU = Release|Any CPU
	EndGlobalSection
	GlobalSection(ProjectConfigurationPlatforms) = postSolution
		{49E50BD3-E94B-445D-978C-BACE56F3A0C8}.Debug|Any CPU.ActiveCfg = Debug|Any CPU
		{49E50BD3-E94B-445D-978C-BACE56F3A0C8}.Debug|Any CPU.Build.0 = Debug|Any CPU
		{49E50BD3-E94B-445D-978C-BACE56F3A0C8}.Release|Any CPU.ActiveCfg = Release|Any CPU
		{49E50BD3-E94B-445D-978C-BACE56F3A0C8}.Release|Any CPU.Build.0 = Release|Any CPU
		{29177722-9309-4090-B47A-C227F7495CCC}.Debug|Any CPU.ActiveCfg = Debug|Any CPU
		{29177722-9309-4090-B47A-C227F7495CCC}.Debug|Any CPU.Build.0 = Debug|Any CPU
		{29177722-9309-4090-B47A-C227F7495CCC}.Release|Any CPU.ActiveCfg = Release|Any CPU
		{29177722-9309-4090-B47A-C227F7495CCC}.Release|Any CPU.Build.0 = Release|Any CPU
	EndGlobalSection
	GlobalSection(SolutionProperties) = preSolution
		HideSolutionNode = FALSE
	EndGlobalSection
	GlobalSection(NestedProjects) = preSolution
		{49E50BD3-E94B-445D-978C-BACE56F3A0C8} = {31366ED8-A1D2-4BA4-B688-C7FA3873EE0A}
		{29177722-9309-4090-B47A-C227F7495CCC} = {C061886E-2E94-4D63-B7AE-DB52C2FBD6AB}
	EndGlobalSection
	GlobalSection(ExtensibilityGlobals) = postSolution
		SolutionGuid = {37ADFE4F-5916-498D-A80F-D38FAFB9A752}
	EndGlobalSection
EndGlobal
